// !$*UTF8*$!
{
	archiveVersion = 1;
	classes = {
	};
	objectVersion = 50;
	objects = {

/* Begin PBXBuildFile section */
		CD3518052599C43300863DD5 /* StockfishObjC.m in Sources */ = {isa = PBXBuildFile; fileRef = CD3518042599C43300863DD5 /* StockfishObjC.m */; };
		CD3518062599C43300863DD5 /* StockfishObjC.h in CopyFiles */ = {isa = PBXBuildFile; fileRef = CD3518032599C43300863DD5 /* StockfishObjC.h */; };
		CD35180F2599C6AB00863DD5 /* bitboard.cpp in Sources */ = {isa = PBXBuildFile; fileRef = CD35180D2599C6AB00863DD5 /* bitboard.cpp */; };
		CD3518122599C76500863DD5 /* benchmark.cpp in Sources */ = {isa = PBXBuildFile; fileRef = CD3518112599C76500863DD5 /* benchmark.cpp */; };
		CD3518162599C7B100863DD5 /* endgame.cpp in Sources */ = {isa = PBXBuildFile; fileRef = CD3518142599C7B100863DD5 /* endgame.cpp */; };
		CD35181A2599C7BD00863DD5 /* evaluate.cpp in Sources */ = {isa = PBXBuildFile; fileRef = CD3518182599C7BD00863DD5 /* evaluate.cpp */; };
		CD35181E2599C7FB00863DD5 /* material.cpp in Sources */ = {isa = PBXBuildFile; fileRef = CD35181C2599C7FA00863DD5 /* material.cpp */; };
		CD3518222599C80400863DD5 /* misc.cpp in Sources */ = {isa = PBXBuildFile; fileRef = CD3518212599C80400863DD5 /* misc.cpp */; };
		CD3518282599C82000863DD5 /* movegen.cpp in Sources */ = {isa = PBXBuildFile; fileRef = CD3518262599C82000863DD5 /* movegen.cpp */; };
		CD3518292599C82000863DD5 /* movepick.cpp in Sources */ = {isa = PBXBuildFile; fileRef = CD3518272599C82000863DD5 /* movepick.cpp */; };
		CD35182F2599C82D00863DD5 /* position.cpp in Sources */ = {isa = PBXBuildFile; fileRef = CD35182D2599C82D00863DD5 /* position.cpp */; };
		CD3518302599C82D00863DD5 /* pawns.cpp in Sources */ = {isa = PBXBuildFile; fileRef = CD35182E2599C82D00863DD5 /* pawns.cpp */; };
		CD3518352599C85500863DD5 /* psqt.cpp in Sources */ = {isa = PBXBuildFile; fileRef = CD3518332599C85500863DD5 /* psqt.cpp */; };
		CD3518362599C85500863DD5 /* search.cpp in Sources */ = {isa = PBXBuildFile; fileRef = CD3518342599C85500863DD5 /* search.cpp */; };
		CD35183C2599C86900863DD5 /* timeman.cpp in Sources */ = {isa = PBXBuildFile; fileRef = CD3518382599C86900863DD5 /* timeman.cpp */; };
		CD35183D2599C86900863DD5 /* thread.cpp in Sources */ = {isa = PBXBuildFile; fileRef = CD35183A2599C86900863DD5 /* thread.cpp */; };
		CD3518432599C89100863DD5 /* tune.cpp in Sources */ = {isa = PBXBuildFile; fileRef = CD3518402599C89100863DD5 /* tune.cpp */; };
		CD3518442599C89100863DD5 /* tt.cpp in Sources */ = {isa = PBXBuildFile; fileRef = CD3518422599C89100863DD5 /* tt.cpp */; };
		CD3518492599C89A00863DD5 /* uci.cpp in Sources */ = {isa = PBXBuildFile; fileRef = CD3518462599C89A00863DD5 /* uci.cpp */; };
		CD35184A2599C89A00863DD5 /* ucioption.cpp in Sources */ = {isa = PBXBuildFile; fileRef = CD3518482599C89A00863DD5 /* ucioption.cpp */; };
		CD351879259AF95500863DD5 /* FishWrap.mm in Sources */ = {isa = PBXBuildFile; fileRef = CD351878259AF95500863DD5 /* FishWrap.mm */; };
		CD35196C259BCCE600863DD5 /* evaluate_nnue.cpp in Sources */ = {isa = PBXBuildFile; fileRef = CD3518532599C90C00863DD5 /* evaluate_nnue.cpp */; };
		CD35196E259BCD1E00863DD5 /* half_kp.cpp in Sources */ = {isa = PBXBuildFile; fileRef = CD35185E2599C90C00863DD5 /* half_kp.cpp */; };
		CD351970259BCD3100863DD5 /* tbprobe.cpp in Sources */ = {isa = PBXBuildFile; fileRef = CD3518502599C8FD00863DD5 /* tbprobe.cpp */; };
		CD3519A1259BD14400863DD5 /* bitbase.cpp in Sources */ = {isa = PBXBuildFile; fileRef = CD3519A0259BD14400863DD5 /* bitbase.cpp */; };
/* End PBXBuildFile section */

/* Begin PBXCopyFilesBuildPhase section */
		CD3517FE2599C43300863DD5 /* CopyFiles */ = {
			isa = PBXCopyFilesBuildPhase;
			buildActionMask = 2147483647;
			dstPath = "include/$(PRODUCT_NAME)";
			dstSubfolderSpec = 16;
			files = (
				CD3518062599C43300863DD5 /* StockfishObjC.h in CopyFiles */,
			);
			runOnlyForDeploymentPostprocessing = 0;
		};
/* End PBXCopyFilesBuildPhase section */

/* Begin PBXFileReference section */
		CD3518002599C43300863DD5 /* libstockfish.a */ = {isa = PBXFileReference; explicitFileType = archive.ar; includeInIndex = 0; path = libstockfish.a; sourceTree = BUILT_PRODUCTS_DIR; };
		CD3518032599C43300863DD5 /* StockfishObjC.h */ = {isa = PBXFileReference; lastKnownFileType = sourcecode.c.h; path = StockfishObjC.h; sourceTree = "<group>"; };
		CD3518042599C43300863DD5 /* StockfishObjC.m */ = {isa = PBXFileReference; lastKnownFileType = sourcecode.c.objc; path = StockfishObjC.m; sourceTree = "<group>"; };
		CD35180D2599C6AB00863DD5 /* bitboard.cpp */ = {isa = PBXFileReference; lastKnownFileType = sourcecode.cpp.cpp; path = bitboard.cpp; sourceTree = "<group>"; };
		CD35180E2599C6AB00863DD5 /* bitboard.h */ = {isa = PBXFileReference; lastKnownFileType = sourcecode.c.h; path = bitboard.h; sourceTree = "<group>"; };
		CD3518112599C76500863DD5 /* benchmark.cpp */ = {isa = PBXFileReference; fileEncoding = 4; lastKnownFileType = sourcecode.cpp.cpp; path = benchmark.cpp; sourceTree = "<group>"; };
		CD3518142599C7B100863DD5 /* endgame.cpp */ = {isa = PBXFileReference; fileEncoding = 4; lastKnownFileType = sourcecode.cpp.cpp; path = endgame.cpp; sourceTree = "<group>"; };
		CD3518152599C7B100863DD5 /* endgame.h */ = {isa = PBXFileReference; fileEncoding = 4; lastKnownFileType = sourcecode.c.h; path = endgame.h; sourceTree = "<group>"; };
		CD3518182599C7BD00863DD5 /* evaluate.cpp */ = {isa = PBXFileReference; fileEncoding = 4; lastKnownFileType = sourcecode.cpp.cpp; path = evaluate.cpp; sourceTree = "<group>"; };
		CD3518192599C7BD00863DD5 /* evaluate.h */ = {isa = PBXFileReference; fileEncoding = 4; lastKnownFileType = sourcecode.c.h; path = evaluate.h; sourceTree = "<group>"; };
		CD35181C2599C7FA00863DD5 /* material.cpp */ = {isa = PBXFileReference; fileEncoding = 4; lastKnownFileType = sourcecode.cpp.cpp; path = material.cpp; sourceTree = "<group>"; };
		CD35181D2599C7FB00863DD5 /* material.h */ = {isa = PBXFileReference; fileEncoding = 4; lastKnownFileType = sourcecode.c.h; path = material.h; sourceTree = "<group>"; };
		CD3518202599C80400863DD5 /* misc.h */ = {isa = PBXFileReference; fileEncoding = 4; lastKnownFileType = sourcecode.c.h; path = misc.h; sourceTree = "<group>"; };
		CD3518212599C80400863DD5 /* misc.cpp */ = {isa = PBXFileReference; fileEncoding = 4; lastKnownFileType = sourcecode.cpp.cpp; path = misc.cpp; sourceTree = "<group>"; };
		CD3518242599C82000863DD5 /* movepick.h */ = {isa = PBXFileReference; fileEncoding = 4; lastKnownFileType = sourcecode.c.h; path = movepick.h; sourceTree = "<group>"; };
		CD3518252599C82000863DD5 /* movegen.h */ = {isa = PBXFileReference; fileEncoding = 4; lastKnownFileType = sourcecode.c.h; path = movegen.h; sourceTree = "<group>"; };
		CD3518262599C82000863DD5 /* movegen.cpp */ = {isa = PBXFileReference; fileEncoding = 4; lastKnownFileType = sourcecode.cpp.cpp; path = movegen.cpp; sourceTree = "<group>"; };
		CD3518272599C82000863DD5 /* movepick.cpp */ = {isa = PBXFileReference; fileEncoding = 4; lastKnownFileType = sourcecode.cpp.cpp; path = movepick.cpp; sourceTree = "<group>"; };
		CD35182B2599C82D00863DD5 /* pawns.h */ = {isa = PBXFileReference; fileEncoding = 4; lastKnownFileType = sourcecode.c.h; path = pawns.h; sourceTree = "<group>"; };
		CD35182C2599C82D00863DD5 /* position.h */ = {isa = PBXFileReference; fileEncoding = 4; lastKnownFileType = sourcecode.c.h; path = position.h; sourceTree = "<group>"; };
		CD35182D2599C82D00863DD5 /* position.cpp */ = {isa = PBXFileReference; fileEncoding = 4; lastKnownFileType = sourcecode.cpp.cpp; path = position.cpp; sourceTree = "<group>"; };
		CD35182E2599C82D00863DD5 /* pawns.cpp */ = {isa = PBXFileReference; fileEncoding = 4; lastKnownFileType = sourcecode.cpp.cpp; path = pawns.cpp; sourceTree = "<group>"; };
		CD3518322599C85500863DD5 /* search.h */ = {isa = PBXFileReference; fileEncoding = 4; lastKnownFileType = sourcecode.c.h; path = search.h; sourceTree = "<group>"; };
		CD3518332599C85500863DD5 /* psqt.cpp */ = {isa = PBXFileReference; fileEncoding = 4; lastKnownFileType = sourcecode.cpp.cpp; path = psqt.cpp; sourceTree = "<group>"; };
		CD3518342599C85500863DD5 /* search.cpp */ = {isa = PBXFileReference; fileEncoding = 4; lastKnownFileType = sourcecode.cpp.cpp; path = search.cpp; sourceTree = "<group>"; };
		CD3518382599C86900863DD5 /* timeman.cpp */ = {isa = PBXFileReference; fileEncoding = 4; lastKnownFileType = sourcecode.cpp.cpp; path = timeman.cpp; sourceTree = "<group>"; };
		CD3518392599C86900863DD5 /* timeman.h */ = {isa = PBXFileReference; fileEncoding = 4; lastKnownFileType = sourcecode.c.h; path = timeman.h; sourceTree = "<group>"; };
		CD35183A2599C86900863DD5 /* thread.cpp */ = {isa = PBXFileReference; fileEncoding = 4; lastKnownFileType = sourcecode.cpp.cpp; path = thread.cpp; sourceTree = "<group>"; };
		CD35183B2599C86900863DD5 /* thread.h */ = {isa = PBXFileReference; fileEncoding = 4; lastKnownFileType = sourcecode.c.h; path = thread.h; sourceTree = "<group>"; };
		CD35183F2599C89100863DD5 /* tt.h */ = {isa = PBXFileReference; fileEncoding = 4; lastKnownFileType = sourcecode.c.h; path = tt.h; sourceTree = "<group>"; };
		CD3518402599C89100863DD5 /* tune.cpp */ = {isa = PBXFileReference; fileEncoding = 4; lastKnownFileType = sourcecode.cpp.cpp; path = tune.cpp; sourceTree = "<group>"; };
		CD3518412599C89100863DD5 /* tune.h */ = {isa = PBXFileReference; fileEncoding = 4; lastKnownFileType = sourcecode.c.h; path = tune.h; sourceTree = "<group>"; };
		CD3518422599C89100863DD5 /* tt.cpp */ = {isa = PBXFileReference; fileEncoding = 4; lastKnownFileType = sourcecode.cpp.cpp; path = tt.cpp; sourceTree = "<group>"; };
		CD3518462599C89A00863DD5 /* uci.cpp */ = {isa = PBXFileReference; fileEncoding = 4; lastKnownFileType = sourcecode.cpp.cpp; path = uci.cpp; sourceTree = "<group>"; };
		CD3518472599C89A00863DD5 /* uci.h */ = {isa = PBXFileReference; fileEncoding = 4; lastKnownFileType = sourcecode.c.h; path = uci.h; sourceTree = "<group>"; };
		CD3518482599C89A00863DD5 /* ucioption.cpp */ = {isa = PBXFileReference; fileEncoding = 4; lastKnownFileType = sourcecode.cpp.cpp; path = ucioption.cpp; sourceTree = "<group>"; };
		CD35184C2599C8BD00863DD5 /* types.h */ = {isa = PBXFileReference; lastKnownFileType = sourcecode.c.h; path = types.h; sourceTree = "<group>"; };
		CD3518502599C8FD00863DD5 /* tbprobe.cpp */ = {isa = PBXFileReference; lastKnownFileType = sourcecode.cpp.cpp; path = tbprobe.cpp; sourceTree = "<group>"; };
		CD3518512599C8FD00863DD5 /* tbprobe.h */ = {isa = PBXFileReference; lastKnownFileType = sourcecode.c.h; path = tbprobe.h; sourceTree = "<group>"; };
		CD3518532599C90C00863DD5 /* evaluate_nnue.cpp */ = {isa = PBXFileReference; lastKnownFileType = sourcecode.cpp.cpp; path = evaluate_nnue.cpp; sourceTree = "<group>"; };
		CD3518552599C90C00863DD5 /* affine_transform.h */ = {isa = PBXFileReference; lastKnownFileType = sourcecode.c.h; path = affine_transform.h; sourceTree = "<group>"; };
		CD3518562599C90C00863DD5 /* clipped_relu.h */ = {isa = PBXFileReference; lastKnownFileType = sourcecode.c.h; path = clipped_relu.h; sourceTree = "<group>"; };
		CD3518572599C90C00863DD5 /* input_slice.h */ = {isa = PBXFileReference; lastKnownFileType = sourcecode.c.h; path = input_slice.h; sourceTree = "<group>"; };
		CD3518582599C90C00863DD5 /* nnue_common.h */ = {isa = PBXFileReference; lastKnownFileType = sourcecode.c.h; path = nnue_common.h; sourceTree = "<group>"; };
		CD3518592599C90C00863DD5 /* nnue_feature_transformer.h */ = {isa = PBXFileReference; lastKnownFileType = sourcecode.c.h; path = nnue_feature_transformer.h; sourceTree = "<group>"; };
		CD35185B2599C90C00863DD5 /* index_list.h */ = {isa = PBXFileReference; lastKnownFileType = sourcecode.c.h; path = index_list.h; sourceTree = "<group>"; };
		CD35185C2599C90C00863DD5 /* features_common.h */ = {isa = PBXFileReference; lastKnownFileType = sourcecode.c.h; path = features_common.h; sourceTree = "<group>"; };
		CD35185D2599C90C00863DD5 /* half_kp.h */ = {isa = PBXFileReference; lastKnownFileType = sourcecode.c.h; path = half_kp.h; sourceTree = "<group>"; };
		CD35185E2599C90C00863DD5 /* half_kp.cpp */ = {isa = PBXFileReference; lastKnownFileType = sourcecode.cpp.cpp; path = half_kp.cpp; sourceTree = "<group>"; };
		CD35185F2599C90C00863DD5 /* feature_set.h */ = {isa = PBXFileReference; lastKnownFileType = sourcecode.c.h; path = feature_set.h; sourceTree = "<group>"; };
		CD3518602599C90C00863DD5 /* evaluate_nnue.h */ = {isa = PBXFileReference; lastKnownFileType = sourcecode.c.h; path = evaluate_nnue.h; sourceTree = "<group>"; };
		CD3518622599C90C00863DD5 /* halfkp_256x2-32-32.h */ = {isa = PBXFileReference; lastKnownFileType = sourcecode.c.h; path = "halfkp_256x2-32-32.h"; sourceTree = "<group>"; };
		CD3518632599C90C00863DD5 /* nnue_accumulator.h */ = {isa = PBXFileReference; lastKnownFileType = sourcecode.c.h; path = nnue_accumulator.h; sourceTree = "<group>"; };
		CD3518642599C90C00863DD5 /* nnue_architecture.h */ = {isa = PBXFileReference; lastKnownFileType = sourcecode.c.h; path = nnue_architecture.h; sourceTree = "<group>"; };
		CD3518662599C91800863DD5 /* UNLICENCE */ = {isa = PBXFileReference; lastKnownFileType = text; path = UNLICENCE; sourceTree = "<group>"; };
		CD3518672599C91800863DD5 /* incbin.h */ = {isa = PBXFileReference; lastKnownFileType = sourcecode.c.h; path = incbin.h; sourceTree = "<group>"; };
		CD3518682599C93100863DD5 /* Makefile */ = {isa = PBXFileReference; lastKnownFileType = sourcecode.make; path = Makefile; sourceTree = "<group>"; };
		CD3518692599C93100863DD5 /* main.cpp */ = {isa = PBXFileReference; lastKnownFileType = sourcecode.cpp.cpp; path = main.cpp; sourceTree = "<group>"; };
		CD35186C2599CA1400863DD5 /* thread_win32_osx.h */ = {isa = PBXFileReference; lastKnownFileType = sourcecode.c.h; path = thread_win32_osx.h; sourceTree = "<group>"; };
		CD3518722599CEEC00863DD5 /* FishWrap.h */ = {isa = PBXFileReference; lastKnownFileType = sourcecode.c.h; path = FishWrap.h; sourceTree = "<group>"; };
		CD351878259AF95500863DD5 /* FishWrap.mm */ = {isa = PBXFileReference; lastKnownFileType = sourcecode.cpp.objcpp; path = FishWrap.mm; sourceTree = "<group>"; };
		CD3519A0259BD14400863DD5 /* bitbase.cpp */ = {isa = PBXFileReference; fileEncoding = 4; lastKnownFileType = sourcecode.cpp.cpp; path = bitbase.cpp; sourceTree = "<group>"; };
/* End PBXFileReference section */

/* Begin PBXFrameworksBuildPhase section */
		CD3517FD2599C43300863DD5 /* Frameworks */ = {
			isa = PBXFrameworksBuildPhase;
			buildActionMask = 2147483647;
			files = (
			);
			runOnlyForDeploymentPostprocessing = 0;
		};
/* End PBXFrameworksBuildPhase section */

/* Begin PBXGroup section */
		CD3517F72599C43300863DD5 = {
			isa = PBXGroup;
			children = (
				CD3518022599C43300863DD5 /* src */,
				CD3518012599C43300863DD5 /* Products */,
			);
			sourceTree = "<group>";
		};
		CD3518012599C43300863DD5 /* Products */ = {
			isa = PBXGroup;
			children = (
				CD3518002599C43300863DD5 /* libstockfish.a */,
			);
			name = Products;
			sourceTree = "<group>";
		};
		CD3518022599C43300863DD5 /* src */ = {
			isa = PBXGroup;
			children = (
				CD3518112599C76500863DD5 /* benchmark.cpp */,
				CD3519A0259BD14400863DD5 /* bitbase.cpp */,
				CD35180D2599C6AB00863DD5 /* bitboard.cpp */,
				CD35180E2599C6AB00863DD5 /* bitboard.h */,
				CD3518142599C7B100863DD5 /* endgame.cpp */,
				CD3518152599C7B100863DD5 /* endgame.h */,
				CD3518182599C7BD00863DD5 /* evaluate.cpp */,
				CD3518192599C7BD00863DD5 /* evaluate.h */,
				CD3518722599CEEC00863DD5 /* FishWrap.h */,
				CD351878259AF95500863DD5 /* FishWrap.mm */,
				CD3518652599C91800863DD5 /* incbin */,
				CD3518692599C93100863DD5 /* main.cpp */,
				CD3518682599C93100863DD5 /* Makefile */,
				CD35181C2599C7FA00863DD5 /* material.cpp */,
				CD35181D2599C7FB00863DD5 /* material.h */,
				CD3518212599C80400863DD5 /* misc.cpp */,
				CD3518202599C80400863DD5 /* misc.h */,
				CD3518262599C82000863DD5 /* movegen.cpp */,
				CD3518252599C82000863DD5 /* movegen.h */,
				CD3518272599C82000863DD5 /* movepick.cpp */,
				CD3518242599C82000863DD5 /* movepick.h */,
				CD3518522599C90C00863DD5 /* nnue */,
				CD35182E2599C82D00863DD5 /* pawns.cpp */,
				CD35182B2599C82D00863DD5 /* pawns.h */,
				CD35182D2599C82D00863DD5 /* position.cpp */,
				CD35182C2599C82D00863DD5 /* position.h */,
				CD3518332599C85500863DD5 /* psqt.cpp */,
				CD3518342599C85500863DD5 /* search.cpp */,
				CD3518322599C85500863DD5 /* search.h */,
				CD3518032599C43300863DD5 /* StockfishObjC.h */,
				CD3518042599C43300863DD5 /* StockfishObjC.m */,
				CD35184F2599C8FD00863DD5 /* syzygy */,
				CD35186C2599CA1400863DD5 /* thread_win32_osx.h */,
				CD35183A2599C86900863DD5 /* thread.cpp */,
				CD35183B2599C86900863DD5 /* thread.h */,
				CD3518382599C86900863DD5 /* timeman.cpp */,
				CD3518392599C86900863DD5 /* timeman.h */,
				CD3518422599C89100863DD5 /* tt.cpp */,
				CD35183F2599C89100863DD5 /* tt.h */,
				CD3518402599C89100863DD5 /* tune.cpp */,
				CD3518412599C89100863DD5 /* tune.h */,
				CD35184C2599C8BD00863DD5 /* types.h */,
				CD3518462599C89A00863DD5 /* uci.cpp */,
				CD3518472599C89A00863DD5 /* uci.h */,
				CD3518482599C89A00863DD5 /* ucioption.cpp */,
			);
			path = src;
			sourceTree = "<group>";
		};
		CD35184F2599C8FD00863DD5 /* syzygy */ = {
			isa = PBXGroup;
			children = (
				CD3518502599C8FD00863DD5 /* tbprobe.cpp */,
				CD3518512599C8FD00863DD5 /* tbprobe.h */,
			);
			path = syzygy;
			sourceTree = "<group>";
		};
		CD3518522599C90C00863DD5 /* nnue */ = {
			isa = PBXGroup;
			children = (
				CD3518532599C90C00863DD5 /* evaluate_nnue.cpp */,
				CD3518542599C90C00863DD5 /* layers */,
				CD3518582599C90C00863DD5 /* nnue_common.h */,
				CD3518592599C90C00863DD5 /* nnue_feature_transformer.h */,
				CD35185A2599C90C00863DD5 /* features */,
				CD3518602599C90C00863DD5 /* evaluate_nnue.h */,
				CD3518612599C90C00863DD5 /* architectures */,
				CD3518632599C90C00863DD5 /* nnue_accumulator.h */,
				CD3518642599C90C00863DD5 /* nnue_architecture.h */,
			);
			path = nnue;
			sourceTree = "<group>";
		};
		CD3518542599C90C00863DD5 /* layers */ = {
			isa = PBXGroup;
			children = (
				CD3518552599C90C00863DD5 /* affine_transform.h */,
				CD3518562599C90C00863DD5 /* clipped_relu.h */,
				CD3518572599C90C00863DD5 /* input_slice.h */,
			);
			path = layers;
			sourceTree = "<group>";
		};
		CD35185A2599C90C00863DD5 /* features */ = {
			isa = PBXGroup;
			children = (
				CD35185B2599C90C00863DD5 /* index_list.h */,
				CD35185C2599C90C00863DD5 /* features_common.h */,
				CD35185D2599C90C00863DD5 /* half_kp.h */,
				CD35185E2599C90C00863DD5 /* half_kp.cpp */,
				CD35185F2599C90C00863DD5 /* feature_set.h */,
			);
			path = features;
			sourceTree = "<group>";
		};
		CD3518612599C90C00863DD5 /* architectures */ = {
			isa = PBXGroup;
			children = (
				CD3518622599C90C00863DD5 /* halfkp_256x2-32-32.h */,
			);
			path = architectures;
			sourceTree = "<group>";
		};
		CD3518652599C91800863DD5 /* incbin */ = {
			isa = PBXGroup;
			children = (
				CD3518662599C91800863DD5 /* UNLICENCE */,
				CD3518672599C91800863DD5 /* incbin.h */,
			);
			path = incbin;
			sourceTree = "<group>";
		};
/* End PBXGroup section */

/* Begin PBXNativeTarget section */
		CD3517FF2599C43300863DD5 /* stockfish */ = {
			isa = PBXNativeTarget;
			buildConfigurationList = CD3518092599C43300863DD5 /* Build configuration list for PBXNativeTarget "stockfish" */;
			buildPhases = (
				CD3517FC2599C43300863DD5 /* Sources */,
				CD3517FD2599C43300863DD5 /* Frameworks */,
				CD3517FE2599C43300863DD5 /* CopyFiles */,
			);
			buildRules = (
			);
			dependencies = (
			);
			name = stockfish;
			productName = stockfish;
			productReference = CD3518002599C43300863DD5 /* libstockfish.a */;
			productType = "com.apple.product-type.library.static";
		};
/* End PBXNativeTarget section */

/* Begin PBXProject section */
		CD3517F82599C43300863DD5 /* Project object */ = {
			isa = PBXProject;
			attributes = {
				LastUpgradeCheck = 1230;
				TargetAttributes = {
					CD3517FF2599C43300863DD5 = {
						CreatedOnToolsVersion = 12.3;
					};
				};
			};
			buildConfigurationList = CD3517FB2599C43300863DD5 /* Build configuration list for PBXProject "stockfish" */;
			compatibilityVersion = "Xcode 9.3";
			developmentRegion = en;
			hasScannedForEncodings = 0;
			knownRegions = (
				en,
				Base,
			);
			mainGroup = CD3517F72599C43300863DD5;
			productRefGroup = CD3518012599C43300863DD5 /* Products */;
			projectDirPath = "";
			projectRoot = "";
			targets = (
				CD3517FF2599C43300863DD5 /* stockfish */,
			);
		};
/* End PBXProject section */

/* Begin PBXSourcesBuildPhase section */
		CD3517FC2599C43300863DD5 /* Sources */ = {
			isa = PBXSourcesBuildPhase;
			buildActionMask = 2147483647;
			files = (
				CD35181E2599C7FB00863DD5 /* material.cpp in Sources */,
				CD35183C2599C86900863DD5 /* timeman.cpp in Sources */,
				CD3518222599C80400863DD5 /* misc.cpp in Sources */,
				CD3518362599C85500863DD5 /* search.cpp in Sources */,
				CD35184A2599C89A00863DD5 /* ucioption.cpp in Sources */,
				CD35183D2599C86900863DD5 /* thread.cpp in Sources */,
				CD35196C259BCCE600863DD5 /* evaluate_nnue.cpp in Sources */,
				CD3518432599C89100863DD5 /* tune.cpp in Sources */,
				CD3518122599C76500863DD5 /* benchmark.cpp in Sources */,
				CD35196E259BCD1E00863DD5 /* half_kp.cpp in Sources */,
				CD3519A1259BD14400863DD5 /* bitbase.cpp in Sources */,
				CD3518162599C7B100863DD5 /* endgame.cpp in Sources */,
				CD35182F2599C82D00863DD5 /* position.cpp in Sources */,
				CD3518352599C85500863DD5 /* psqt.cpp in Sources */,
				CD35180F2599C6AB00863DD5 /* bitboard.cpp in Sources */,
				CD3518282599C82000863DD5 /* movegen.cpp in Sources */,
				CD35181A2599C7BD00863DD5 /* evaluate.cpp in Sources */,
				CD3518442599C89100863DD5 /* tt.cpp in Sources */,
				CD351970259BCD3100863DD5 /* tbprobe.cpp in Sources */,
				CD351879259AF95500863DD5 /* FishWrap.mm in Sources */,
				CD3518052599C43300863DD5 /* StockfishObjC.m in Sources */,
				CD3518492599C89A00863DD5 /* uci.cpp in Sources */,
				CD3518292599C82000863DD5 /* movepick.cpp in Sources */,
				CD3518302599C82D00863DD5 /* pawns.cpp in Sources */,
			);
			runOnlyForDeploymentPostprocessing = 0;
		};
/* End PBXSourcesBuildPhase section */

/* Begin XCBuildConfiguration section */
		CD3518072599C43300863DD5 /* Debug */ = {
			isa = XCBuildConfiguration;
			buildSettings = {
				CLANG_ANALYZER_NONNULL = YES;
				CLANG_ANALYZER_NUMBER_OBJECT_CONVERSION = YES_AGGRESSIVE;
				CLANG_CXX_LANGUAGE_STANDARD = "c++17";
				CLANG_CXX_LIBRARY = "libc++";
				CLANG_ENABLE_MODULES = YES;
				CLANG_ENABLE_OBJC_ARC = YES;
				CLANG_ENABLE_OBJC_WEAK = YES;
				CLANG_WARN_BLOCK_CAPTURE_AUTORELEASING = YES;
				CLANG_WARN_BOOL_CONVERSION = YES;
				CLANG_WARN_COMMA = YES;
				CLANG_WARN_CONSTANT_CONVERSION = YES;
				CLANG_WARN_DEPRECATED_OBJC_IMPLEMENTATIONS = YES;
				CLANG_WARN_DIRECT_OBJC_ISA_USAGE = YES_ERROR;
				CLANG_WARN_DOCUMENTATION_COMMENTS = YES;
				CLANG_WARN_EMPTY_BODY = YES;
				CLANG_WARN_ENUM_CONVERSION = YES;
				CLANG_WARN_INFINITE_RECURSION = YES;
				CLANG_WARN_INT_CONVERSION = YES;
				CLANG_WARN_NON_LITERAL_NULL_CONVERSION = YES;
				CLANG_WARN_OBJC_IMPLICIT_RETAIN_SELF = YES;
				CLANG_WARN_OBJC_LITERAL_CONVERSION = YES;
				CLANG_WARN_OBJC_ROOT_CLASS = YES_ERROR;
				CLANG_WARN_QUOTED_INCLUDE_IN_FRAMEWORK_HEADER = YES;
				CLANG_WARN_RANGE_LOOP_ANALYSIS = YES;
				CLANG_WARN_STRICT_PROTOTYPES = YES;
				CLANG_WARN_SUSPICIOUS_MOVE = YES;
				CLANG_WARN_UNGUARDED_AVAILABILITY = YES_AGGRESSIVE;
				CLANG_WARN_UNREACHABLE_CODE = YES;
				CLANG_WARN__DUPLICATE_METHOD_MATCH = YES;
				COPY_PHASE_STRIP = YES;
				DEBUG_INFORMATION_FORMAT = dwarf;
				ENABLE_STRICT_OBJC_MSGSEND = YES;
				ENABLE_TESTABILITY = YES;
				GCC_C_LANGUAGE_STANDARD = c11;
				GCC_NO_COMMON_BLOCKS = YES;
				GCC_OPTIMIZATION_LEVEL = 0;
				GCC_PREPROCESSOR_DEFINITIONS = (
					"DEBUG=1",
					"$(inherited)",
				);
				GCC_WARN_64_TO_32_BIT_CONVERSION = YES;
				GCC_WARN_ABOUT_RETURN_TYPE = YES_ERROR;
				GCC_WARN_UNDECLARED_SELECTOR = YES;
				GCC_WARN_UNINITIALIZED_AUTOS = YES_AGGRESSIVE;
				GCC_WARN_UNUSED_FUNCTION = YES;
				GCC_WARN_UNUSED_VARIABLE = YES;
				IPHONEOS_DEPLOYMENT_TARGET = 14.2;
				MTL_ENABLE_DEBUG_INFO = INCLUDE_SOURCE;
				MTL_FAST_MATH = YES;
				ONLY_ACTIVE_ARCH = YES;
				OTHER_LDFLAGS = "-ObjC";
				SDKROOT = iphoneos;
			};
			name = Debug;
		};
		CD3518082599C43300863DD5 /* Release */ = {
			isa = XCBuildConfiguration;
			buildSettings = {
				CLANG_ANALYZER_NONNULL = YES;
				CLANG_ANALYZER_NUMBER_OBJECT_CONVERSION = YES_AGGRESSIVE;
				CLANG_CXX_LANGUAGE_STANDARD = "c++17";
				CLANG_CXX_LIBRARY = "libc++";
				CLANG_ENABLE_MODULES = YES;
				CLANG_ENABLE_OBJC_ARC = YES;
				CLANG_ENABLE_OBJC_WEAK = YES;
				CLANG_WARN_BLOCK_CAPTURE_AUTORELEASING = YES;
				CLANG_WARN_BOOL_CONVERSION = YES;
				CLANG_WARN_COMMA = YES;
				CLANG_WARN_CONSTANT_CONVERSION = YES;
				CLANG_WARN_DEPRECATED_OBJC_IMPLEMENTATIONS = YES;
				CLANG_WARN_DIRECT_OBJC_ISA_USAGE = YES_ERROR;
				CLANG_WARN_DOCUMENTATION_COMMENTS = YES;
				CLANG_WARN_EMPTY_BODY = YES;
				CLANG_WARN_ENUM_CONVERSION = YES;
				CLANG_WARN_INFINITE_RECURSION = YES;
				CLANG_WARN_INT_CONVERSION = YES;
				CLANG_WARN_NON_LITERAL_NULL_CONVERSION = YES;
				CLANG_WARN_OBJC_IMPLICIT_RETAIN_SELF = YES;
				CLANG_WARN_OBJC_LITERAL_CONVERSION = YES;
				CLANG_WARN_OBJC_ROOT_CLASS = YES_ERROR;
				CLANG_WARN_QUOTED_INCLUDE_IN_FRAMEWORK_HEADER = YES;
				CLANG_WARN_RANGE_LOOP_ANALYSIS = YES;
				CLANG_WARN_STRICT_PROTOTYPES = YES;
				CLANG_WARN_SUSPICIOUS_MOVE = YES;
				CLANG_WARN_UNGUARDED_AVAILABILITY = YES_AGGRESSIVE;
				CLANG_WARN_UNREACHABLE_CODE = YES;
				CLANG_WARN__DUPLICATE_METHOD_MATCH = YES;
				COPY_PHASE_STRIP = YES;
				DEBUG_INFORMATION_FORMAT = "dwarf-with-dsym";
				ENABLE_NS_ASSERTIONS = NO;
				ENABLE_STRICT_OBJC_MSGSEND = YES;
				GCC_C_LANGUAGE_STANDARD = c11;
				GCC_NO_COMMON_BLOCKS = YES;
				GCC_WARN_64_TO_32_BIT_CONVERSION = YES;
				GCC_WARN_ABOUT_RETURN_TYPE = YES_ERROR;
				GCC_WARN_UNDECLARED_SELECTOR = YES;
				GCC_WARN_UNINITIALIZED_AUTOS = YES_AGGRESSIVE;
				GCC_WARN_UNUSED_FUNCTION = YES;
				GCC_WARN_UNUSED_VARIABLE = YES;
				IPHONEOS_DEPLOYMENT_TARGET = 14.2;
				MTL_ENABLE_DEBUG_INFO = NO;
				MTL_FAST_MATH = YES;
				OTHER_LDFLAGS = "-ObjC";
				SDKROOT = iphoneos;
				VALIDATE_PRODUCT = YES;
			};
			name = Release;
		};
		CD35180A2599C43300863DD5 /* Debug */ = {
			isa = XCBuildConfiguration;
			buildSettings = {
				CLANG_ALLOW_NON_MODULAR_INCLUDES_IN_FRAMEWORK_MODULES = YES;
				CLANG_CXX_LANGUAGE_STANDARD = "c++17";
				CODE_SIGN_STYLE = Automatic;
				DEVELOPMENT_TEAM = GNE4VFAE6G;
				OTHER_LDFLAGS = "-ObjC";
				PRODUCT_NAME = "$(TARGET_NAME)";
				SKIP_INSTALL = YES;
				TARGETED_DEVICE_FAMILY = "1,2";
			};
			name = Debug;
		};
		CD35180B2599C43300863DD5 /* Release */ = {
			isa = XCBuildConfiguration;
			buildSettings = {
				CLANG_ALLOW_NON_MODULAR_INCLUDES_IN_FRAMEWORK_MODULES = YES;
				CLANG_CXX_LANGUAGE_STANDARD = "c++17";
				CODE_SIGN_STYLE = Automatic;
				DEVELOPMENT_TEAM = GNE4VFAE6G;
				OTHER_LDFLAGS = "-ObjC";
				PRODUCT_NAME = "$(TARGET_NAME)";
				SKIP_INSTALL = YES;
				TARGETED_DEVICE_FAMILY = "1,2";
			};
			name = Release;
		};
/* End XCBuildConfiguration section */

/* Begin XCConfigurationList section */
		CD3517FB2599C43300863DD5 /* Build configuration list for PBXProject "stockfish" */ = {
			isa = XCConfigurationList;
			buildConfigurations = (
				CD3518072599C43300863DD5 /* Debug */,
				CD3518082599C43300863DD5 /* Release */,
			);
			defaultConfigurationIsVisible = 0;
			defaultConfigurationName = Release;
		};
		CD3518092599C43300863DD5 /* Build configuration list for PBXNativeTarget "stockfish" */ = {
			isa = XCConfigurationList;
			buildConfigurations = (
				CD35180A2599C43300863DD5 /* Debug */,
				CD35180B2599C43300863DD5 /* Release */,
			);
			defaultConfigurationIsVisible = 0;
			defaultConfigurationName = Release;
		};
/* End XCConfigurationList section */
	};
	rootObject = CD3517F82599C43300863DD5 /* Project object */;
}
